
Microsoft Visual Studio Solution File, Format Version 12.00
# Visual Studio Version 17
VisualStudioVersion = 17.5.33414.496
MinimumVisualStudioVersion = 10.0.40219.1
Project("{9A19103F-16F7-4668-BE54-9A1E7A4F7556}") = "DataAccess", "DataAccess\DataAccess.csproj", "{220A3DAF-0363-496F-A878-DCB033AD6481}"
EndProject
Project("{9A19103F-16F7-4668-BE54-9A1E7A4F7556}") = "Business", "Business\Business.csproj", "{B92BC3C3-206E-45BD-94C0-C20CA67B0C3E}"
EndProject
Project("{9A19103F-16F7-4668-BE54-9A1E7A4F7556}") = "Entities", "Entities\Entities.csproj", "{9A15ED33-71EA-4BD9-BB69-F4A88981D73E}"
EndProject
Project("{9A19103F-16F7-4668-BE54-9A1E7A4F7556}") = "Core", "Core\Core.csproj", "{F335958E-A048-4684-8D42-814D49715483}"
EndProject
Project("{9A19103F-16F7-4668-BE54-9A1E7A4F7556}") = "WebAPI", "WebAPI\WebAPI.csproj", "{3DF916A8-23FE-43F3-B02A-2EFBE03CB9B9}"
EndProject
Global
	GlobalSection(SolutionConfigurationPlatforms) = preSolution
		Debug|Any CPU = Debug|Any CPU
		Release|Any CPU = Release|Any CPU
	EndGlobalSection
	GlobalSection(ProjectConfigurationPlatforms) = postSolution
		{220A3DAF-0363-496F-A878-DCB033AD6481}.Debug|Any CPU.ActiveCfg = Debug|Any CPU
		{220A3DAF-0363-496F-A878-DCB033AD6481}.Debug|Any CPU.Build.0 = Debug|Any CPU
		{220A3DAF-0363-496F-A878-DCB033AD6481}.Release|Any CPU.ActiveCfg = Release|Any CPU
		{220A3DAF-0363-496F-A878-DCB033AD6481}.Release|Any CPU.Build.0 = Release|Any CPU
		{B92BC3C3-206E-45BD-94C0-C20CA67B0C3E}.Debug|Any CPU.ActiveCfg = Debug|Any CPU
		{B92BC3C3-206E-45BD-94C0-C20CA67B0C3E}.Debug|Any CPU.Build.0 = Debug|Any CPU
		{B92BC3C3-206E-45BD-94C0-C20CA67B0C3E}.Release|Any CPU.ActiveCfg = Release|Any CPU
		{B92BC3C3-206E-45BD-94C0-C20CA67B0C3E}.Release|Any CPU.Build.0 = Release|Any CPU
		{9A15ED33-71EA-4BD9-BB69-F4A88981D73E}.Debug|Any CPU.ActiveCfg = Debug|Any CPU
		{9A15ED33-71EA-4BD9-BB69-F4A88981D73E}.Debug|Any CPU.Build.0 = Debug|Any CPU
		{9A15ED33-71EA-4BD9-BB69-F4A88981D73E}.Release|Any CPU.ActiveCfg = Release|Any CPU
		{9A15ED33-71EA-4BD9-BB69-F4A88981D73E}.Release|Any CPU.Build.0 = Release|Any CPU
		{F335958E-A048-4684-8D42-814D49715483}.Debug|Any CPU.ActiveCfg = Debug|Any CPU
		{F335958E-A048-4684-8D42-814D49715483}.Debug|Any CPU.Build.0 = Debug|Any CPU
		{F335958E-A048-4684-8D42-814D49715483}.Release|Any CPU.ActiveCfg = Release|Any CPU
		{F335958E-A048-4684-8D42-814D49715483}.Release|Any CPU.Build.0 = Release|Any CPU
		{3DF916A8-23FE-43F3-B02A-2EFBE03CB9B9}.Debug|Any CPU.ActiveCfg = Debug|Any CPU
		{3DF916A8-23FE-43F3-B02A-2EFBE03CB9B9}.Debug|Any CPU.Build.0 = Debug|Any CPU
		{3DF916A8-23FE-43F3-B02A-2EFBE03CB9B9}.Release|Any CPU.ActiveCfg = Release|Any CPU
		{3DF916A8-23FE-43F3-B02A-2EFBE03CB9B9}.Release|Any CPU.Build.0 = Release|Any CPU
	EndGlobalSection
	GlobalSection(SolutionProperties) = preSolution
		HideSolutionNode = FALSE
	EndGlobalSection
	GlobalSection(ExtensibilityGlobals) = postSolution
		SolutionGuid = {9D13EB99-4706-48A9-992B-B31325542B54}
	EndGlobalSection
EndGlobal
